// !$*UTF8*$!
{
	archiveVersion = 1;
	classes = {
	};
	objectVersion = 50;
	objects = {

/* Begin PBXBuildFile section */
		698B5BC82548702700376EE4 /* AppDelegate.m in Sources */ = {isa = PBXBuildFile; fileRef = 698B5BC72548702700376EE4 /* AppDelegate.m */; };
		698B5BCE2548702700376EE4 /* LocationService.m in Sources */ = {isa = PBXBuildFile; fileRef = 698B5BCD2548702700376EE4 /* LocationService.m */; };
		698B5BD32548702B00376EE4 /* Assets.xcassets in Resources */ = {isa = PBXBuildFile; fileRef = 698B5BD22548702B00376EE4 /* Assets.xcassets */; };
		698B5BD62548702B00376EE4 /* LaunchScreen.storyboard in Resources */ = {isa = PBXBuildFile; fileRef = 698B5BD42548702B00376EE4 /* LaunchScreen.storyboard */; };
		698B5BD92548702B00376EE4 /* main.m in Sources */ = {isa = PBXBuildFile; fileRef = 698B5BD82548702B00376EE4 /* main.m */; };
		698B5BE32548710A00376EE4 /* ViewController.m in Sources */ = {isa = PBXBuildFile; fileRef = 698B5BE22548710900376EE4 /* ViewController.m */; };
		698B5BEB2548741200376EE4 /* MapKit.framework in Frameworks */ = {isa = PBXBuildFile; fileRef = 698B5BEA2548741200376EE4 /* MapKit.framework */; };
/* End PBXBuildFile section */

/* Begin PBXFileReference section */
		698B5BC32548702700376EE4 /* GBMap.app */ = {isa = PBXFileReference; explicitFileType = wrapper.application; includeInIndex = 0; path = GBMap.app; sourceTree = BUILT_PRODUCTS_DIR; };
		698B5BC62548702700376EE4 /* AppDelegate.h */ = {isa = PBXFileReference; lastKnownFileType = sourcecode.c.h; path = AppDelegate.h; sourceTree = "<group>"; };
		698B5BC72548702700376EE4 /* AppDelegate.m */ = {isa = PBXFileReference; lastKnownFileType = sourcecode.c.objc; path = AppDelegate.m; sourceTree = "<group>"; };
		698B5BCC2548702700376EE4 /* LocationService.h */ = {isa = PBXFileReference; lastKnownFileType = sourcecode.c.h; path = LocationService.h; sourceTree = "<group>"; };
		698B5BCD2548702700376EE4 /* LocationService.m */ = {isa = PBXFileReference; lastKnownFileType = sourcecode.c.objc; path = LocationService.m; sourceTree = "<group>"; };
		698B5BD22548702B00376EE4 /* Assets.xcassets */ = {isa = PBXFileReference; lastKnownFileType = folder.assetcatalog; path = Assets.xcassets; sourceTree = "<group>"; };
		698B5BD52548702B00376EE4 /* Base */ = {isa = PBXFileReference; lastKnownFileType = file.storyboard; name = Base; path = Base.lproj/LaunchScreen.storyboard; sourceTree = "<group>"; };
		698B5BD72548702B00376EE4 /* Info.plist */ = {isa = PBXFileReference; lastKnownFileType = text.plist.xml; path = Info.plist; sourceTree = "<group>"; };
		698B5BD82548702B00376EE4 /* main.m */ = {isa = PBXFileReference; lastKnownFileType = sourcecode.c.objc; path = main.m; sourceTree = "<group>"; };
		698B5BE12548710900376EE4 /* ViewController.h */ = {isa = PBXFileReference; lastKnownFileType = sourcecode.c.h; path = ViewController.h; sourceTree = "<group>"; };
		698B5BE22548710900376EE4 /* ViewController.m */ = {isa = PBXFileReference; lastKnownFileType = sourcecode.c.objc; path = ViewController.m; sourceTree = "<group>"; };
		698B5BEA2548741200376EE4 /* MapKit.framework */ = {isa = PBXFileReference; lastKnownFileType = wrapper.framework; name = MapKit.framework; path = System/Library/Frameworks/MapKit.framework; sourceTree = SDKROOT; };
/* End PBXFileReference section */

/* Begin PBXFrameworksBuildPhase section */
		698B5BC02548702700376EE4 /* Frameworks */ = {
			isa = PBXFrameworksBuildPhase;
			buildActionMask = 2147483647;
			files = (
				698B5BEB2548741200376EE4 /* MapKit.framework in Frameworks */,
			);
			runOnlyForDeploymentPostprocessing = 0;
		};
/* End PBXFrameworksBuildPhase section */

/* Begin PBXGroup section */
		698B5BBA2548702700376EE4 = {
			isa = PBXGroup;
			children = (
				698B5BC52548702700376EE4 /* GBMap */,
				698B5BC42548702700376EE4 /* Products */,
				698B5BE92548741200376EE4 /* Frameworks */,
			);
			sourceTree = "<group>";
		};
		698B5BC42548702700376EE4 /* Products */ = {
			isa = PBXGroup;
			children = (
				698B5BC32548702700376EE4 /* GBMap.app */,
			);
			name = Products;
			sourceTree = "<group>";
		};
		698B5BC52548702700376EE4 /* GBMap */ = {
			isa = PBXGroup;
			children = (
				698B5BC62548702700376EE4 /* AppDelegate.h */,
				698B5BC72548702700376EE4 /* AppDelegate.m */,
				698B5BCC2548702700376EE4 /* LocationService.h */,
				698B5BCD2548702700376EE4 /* LocationService.m */,
				698B5BD22548702B00376EE4 /* Assets.xcassets */,
				698B5BD42548702B00376EE4 /* LaunchScreen.storyboard */,
				698B5BD72548702B00376EE4 /* Info.plist */,
				698B5BD82548702B00376EE4 /* main.m */,
				698B5BE12548710900376EE4 /* ViewController.h */,
				698B5BE22548710900376EE4 /* ViewController.m */,
			);
			path = GBMap;
			sourceTree = "<group>";
		};
		698B5BE92548741200376EE4 /* Frameworks */ = {
			isa = PBXGroup;
			children = (
				698B5BEA2548741200376EE4 /* MapKit.framework */,
			);
			name = Frameworks;
			sourceTree = "<group>";
		};
/* End PBXGroup section */

/* Begin PBXNativeTarget section */
		698B5BC22548702700376EE4 /* GBMap */ = {
			isa = PBXNativeTarget;
			buildConfigurationList = 698B5BDC2548702B00376EE4 /* Build configuration list for PBXNativeTarget "GBMap" */;
			buildPhases = (
				698B5BBF2548702700376EE4 /* Sources */,
				698B5BC02548702700376EE4 /* Frameworks */,
				698B5BC12548702700376EE4 /* Resources */,
			);
			buildRules = (
			);
			dependencies = (
			);
			name = GBMap;
			productName = GBMap;
			productReference = 698B5BC32548702700376EE4 /* GBMap.app */;
			productType = "com.apple.product-type.application";
		};
/* End PBXNativeTarget section */

/* Begin PBXProject section */
		698B5BBB2548702700376EE4 /* Project object */ = {
			isa = PBXProject;
			attributes = {
				LastUpgradeCheck = 1200;
				TargetAttributes = {
					698B5BC22548702700376EE4 = {
						CreatedOnToolsVersion = 12.0.1;
					};
				};
			};
			buildConfigurationList = 698B5BBE2548702700376EE4 /* Build configuration list for PBXProject "GBMap" */;
			compatibilityVersion = "Xcode 9.3";
			developmentRegion = en;
			hasScannedForEncodings = 0;
			knownRegions = (
				en,
				Base,
			);
			mainGroup = 698B5BBA2548702700376EE4;
			productRefGroup = 698B5BC42548702700376EE4 /* Products */;
			projectDirPath = "";
			projectRoot = "";
			targets = (
				698B5BC22548702700376EE4 /* GBMap */,
			);
		};
/* End PBXProject section */

/* Begin PBXResourcesBuildPhase section */
		698B5BC12548702700376EE4 /* Resources */ = {
			isa = PBXResourcesBuildPhase;
			buildActionMask = 2147483647;
			files = (
				698B5BD62548702B00376EE4 /* LaunchScreen.storyboard in Resources */,
				698B5BD32548702B00376EE4 /* Assets.xcassets in Resources */,
			);
			runOnlyForDeploymentPostprocessing = 0;
		};
/* End PBXResourcesBuildPhase section */

/* Begin PBXSourcesBuildPhase section */
		698B5BBF2548702700376EE4 /* Sources */ = {
			isa = PBXSourcesBuildPhase;
			buildActionMask = 2147483647;
			files = (
				698B5BCE2548702700376EE4 /* LocationService.m in Sources */,
				698B5BC82548702700376EE4 /* AppDelegate.m in Sources */,
				698B5BD92548702B00376EE4 /* main.m in Sources */,
				698B5BE32548710A00376EE4 /* ViewController.m in Sources */,
			);
			runOnlyForDeploymentPostprocessing = 0;
		};
/* End PBXSourcesBuildPhase section */

/* Begin PBXVariantGroup section */
		698B5BD42548702B00376EE4 /* LaunchScreen.storyboard */ = {
			isa = PBXVariantGroup;
			children = (
				698B5BD52548702B00376EE4 /* Base */,
			);
			name = LaunchScreen.storyboard;
			sourceTree = "<group>";
		};
/* End PBXVariantGroup section */

/* Begin XCBuildConfiguration section */
		698B5BDA2548702B00376EE4 /* Debug */ = {
			isa = XCBuildConfiguration;
			buildSettings = {
				ALWAYS_SEARCH_USER_PATHS = NO;
				CLANG_ANALYZER_NONNULL = YES;
				CLANG_ANALYZER_NUMBER_OBJECT_CONVERSION = YES_AGGRESSIVE;
				CLANG_CXX_LANGUAGE_STANDARD = "gnu++14";
				CLANG_CXX_LIBRARY = "libc++";
				CLANG_ENABLE_MODULES = YES;
				CLANG_ENABLE_OBJC_ARC = YES;
				CLANG_ENABLE_OBJC_WEAK = YES;
				CLANG_WARN_BLOCK_CAPTURE_AUTORELEASING = YES;
				CLANG_WARN_BOOL_CONVERSION = YES;
				CLANG_WARN_COMMA = YES;
				CLANG_WARN_CONSTANT_CONVERSION = YES;
				CLANG_WARN_DEPRECATED_OBJC_IMPLEMENTATIONS = YES;
				CLANG_WARN_DIRECT_OBJC_ISA_USAGE = YES_ERROR;
				CLANG_WARN_DOCUMENTATION_COMMENTS = YES;
				CLANG_WARN_EMPTY_BODY = YES;
				CLANG_WARN_ENUM_CONVERSION = YES;
				CLANG_WARN_INFINITE_RECURSION = YES;
				CLANG_WARN_INT_CONVERSION = YES;
				CLANG_WARN_NON_LITERAL_NULL_CONVERSION = YES;
				CLANG_WARN_OBJC_IMPLICIT_RETAIN_SELF = YES;
				CLANG_WARN_OBJC_LITERAL_CONVERSION = YES;
				CLANG_WARN_OBJC_ROOT_CLASS = YES_ERROR;
				CLANG_WARN_QUOTED_INCLUDE_IN_FRAMEWORK_HEADER = YES;
				CLANG_WARN_RANGE_LOOP_ANALYSIS = YES;
				CLANG_WARN_STRICT_PROTOTYPES = YES;
				CLANG_WARN_SUSPICIOUS_MOVE = YES;
				CLANG_WARN_UNGUARDED_AVAILABILITY = YES_AGGRESSIVE;
				CLANG_WARN_UNREACHABLE_CODE = YES;
				CLANG_WARN__DUPLICATE_METHOD_MATCH = YES;
				COPY_PHASE_STRIP = NO;
				DEBUG_INFORMATION_FORMAT = dwarf;
				ENABLE_STRICT_OBJC_MSGSEND = YES;
				ENABLE_TESTABILITY = YES;
				GCC_C_LANGUAGE_STANDARD = gnu11;
				GCC_DYNAMIC_NO_PIC = NO;
				GCC_NO_COMMON_BLOCKS = YES;
				GCC_OPTIMIZATION_LEVEL = 0;
				GCC_PREPROCESSOR_DEFINITIONS = (
					"DEBUG=1",
					"$(inherited)",
				);
				GCC_WARN_64_TO_32_BIT_CONVERSION = YES;
				GCC_WARN_ABOUT_RETURN_TYPE = YES_ERROR;
				GCC_WARN_UNDECLARED_SELECTOR = YES;
				GCC_WARN_UNINITIALIZED_AUTOS = YES_AGGRESSIVE;
				GCC_WARN_UNUSED_FUNCTION = YES;
				GCC_WARN_UNUSED_VARIABLE = YES;
				IPHONEOS_DEPLOYMENT_TARGET = 14.0;
				MTL_ENABLE_DEBUG_INFO = INCLUDE_SOURCE;
				MTL_FAST_MATH = YES;
				ONLY_ACTIVE_ARCH = YES;
				SDKROOT = iphoneos;
			};
			name = Debug;
		};
		698B5BDB2548702B00376EE4 /* Release */ = {
			isa = XCBuildConfiguration;
			buildSettings = {
				ALWAYS_SEARCH_USER_PATHS = NO;
				CLANG_ANALYZER_NONNULL = YES;
				CLANG_ANALYZER_NUMBER_OBJECT_CONVERSION = YES_AGGRESSIVE;
				CLANG_CXX_LANGUAGE_STANDARD = "gnu++14";
				CLANG_CXX_LIBRARY = "libc++";
				CLANG_ENABLE_MODULES = YES;
				CLANG_ENABLE_OBJC_ARC = YES;
				CLANG_ENABLE_OBJC_WEAK = YES;
				CLANG_WARN_BLOCK_CAPTURE_AUTORELEASING = YES;
				CLANG_WARN_BOOL_CONVERSION = YES;
				CLANG_WARN_COMMA = YES;
				CLANG_WARN_CONSTANT_CONVERSION = YES;
				CLANG_WARN_DEPRECATED_OBJC_IMPLEMENTATIONS = YES;
				CLANG_WARN_DIRECT_OBJC_ISA_USAGE = YES_ERROR;
				CLANG_WARN_DOCUMENTATION_COMMENTS = YES;
				CLANG_WARN_EMPTY_BODY = YES;
				CLANG_WARN_ENUM_CONVERSION = YES;
				CLANG_WARN_INFINITE_RECURSION = YES;
				CLANG_WARN_INT_CONVERSION = YES;
				CLANG_WARN_NON_LITERAL_NULL_CONVERSION = YES;
				CLANG_WARN_OBJC_IMPLICIT_RETAIN_SELF = YES;
				CLANG_WARN_OBJC_LITERAL_CONVERSION = YES;
				CLANG_WARN_OBJC_ROOT_CLASS = YES_ERROR;
				CLANG_WARN_QUOTED_INCLUDE_IN_FRAMEWORK_HEADER = YES;
				CLANG_WARN_RANGE_LOOP_ANALYSIS = YES;
				CLANG_WARN_STRICT_PROTOTYPES = YES;
				CLANG_WARN_SUSPICIOUS_MOVE = YES;
				CLANG_WARN_UNGUARDED_AVAILABILITY = YES_AGGRESSIVE;
				CLANG_WARN_UNREACHABLE_CODE = YES;
				CLANG_WARN__DUPLICATE_METHOD_MATCH = YES;
				COPY_PHASE_STRIP = NO;
				DEBUG_INFORMATION_FORMAT = "dwarf-with-dsym";
				ENABLE_NS_ASSERTIONS = NO;
				ENABLE_STRICT_OBJC_MSGSEND = YES;
				GCC_C_LANGUAGE_STANDARD = gnu11;
				GCC_NO_COMMON_BLOCKS = YES;
				GCC_WARN_64_TO_32_BIT_CONVERSION = YES;
				GCC_WARN_ABOUT_RETURN_TYPE = YES_ERROR;
				GCC_WARN_UNDECLARED_SELECTOR = YES;
				GCC_WARN_UNINITIALIZED_AUTOS = YES_AGGRESSIVE;
				GCC_WARN_UNUSED_FUNCTION = YES;
				GCC_WARN_UNUSED_VARIABLE = YES;
				IPHONEOS_DEPLOYMENT_TARGET = 14.0;
				MTL_ENABLE_DEBUG_INFO = NO;
				MTL_FAST_MATH = YES;
				SDKROOT = iphoneos;
				VALIDATE_PRODUCT = YES;
			};
			name = Release;
		};
		698B5BDD2548702B00376EE4 /* Debug */ = {
			isa = XCBuildConfiguration;
			buildSettings = {
				ASSETCATALOG_COMPILER_APPICON_NAME = AppIcon;
				ASSETCATALOG_COMPILER_GLOBAL_ACCENT_COLOR_NAME = AccentColor;
				CODE_SIGN_STYLE = Automatic;
				DEVELOPMENT_TEAM = PP7W3PD67Z;
				INFOPLIST_FILE = GBMap/Info.plist;
				IPHONEOS_DEPLOYMENT_TARGET = 12.2;
				LD_RUNPATH_SEARCH_PATHS = (
					"$(inherited)",
					"@executable_path/Frameworks",
				);
				PRODUCT_BUNDLE_IDENTIFIER = com.angel.senpai.GBMap;
				PRODUCT_NAME = "$(TARGET_NAME)";
				TARGETED_DEVICE_FAMILY = "1,2";
			};
			name = Debug;
		};
		698B5BDE2548702B00376EE4 /* Release */ = {
			isa = XCBuildConfiguration;
			buildSettings = {
				ASSETCATALOG_COMPILER_APPICON_NAME = AppIcon;
				ASSETCATALOG_COMPILER_GLOBAL_ACCENT_COLOR_NAME = AccentColor;
				CODE_SIGN_STYLE = Automatic;
				DEVELOPMENT_TEAM = PP7W3PD67Z;
				INFOPLIST_FILE = GBMap/Info.plist;
				IPHONEOS_DEPLOYMENT_TARGET = 12.2;
				LD_RUNPATH_SEARCH_PATHS = (
					"$(inherited)",
					"@executable_path/Frameworks",
				);
				PRODUCT_BUNDLE_IDENTIFIER = com.angel.senpai.GBMap;
				PRODUCT_NAME = "$(TARGET_NAME)";
				TARGETED_DEVICE_FAMILY = "1,2";
			};
			name = Release;
		};
/* End XCBuildConfiguration section */

/* Begin XCConfigurationList section */
		698B5BBE2548702700376EE4 /* Build configuration list for PBXProject "GBMap" */ = {
			isa = XCConfigurationList;
			buildConfigurations = (
				698B5BDA2548702B00376EE4 /* Debug */,
				698B5BDB2548702B00376EE4 /* Release */,
			);
			defaultConfigurationIsVisible = 0;
			defaultConfigurationName = Release;
		};
		698B5BDC2548702B00376EE4 /* Build configuration list for PBXNativeTarget "GBMap" */ = {
			isa = XCConfigurationList;
			buildConfigurations = (
				698B5BDD2548702B00376EE4 /* Debug */,
				698B5BDE2548702B00376EE4 /* Release */,
			);
			defaultConfigurationIsVisible = 0;
			defaultConfigurationName = Release;
		};
/* End XCConfigurationList section */
	};
	rootObject = 698B5BBB2548702700376EE4 /* Project object */;
}
